// !$*UTF8*$!
{
	archiveVersion = 1;
	classes = {
	};
	objectVersion = 56;
	objects = {

/* Begin PBXBuildFile section */
		DE0769BE29EC189A00A0F861 /* HomeViewController.swift in Sources */ = {isa = PBXBuildFile; fileRef = DE0769BD29EC189A00A0F861 /* HomeViewController.swift */; };
		DE0769C029EC18AB00A0F861 /* DownloadsViewController.swift in Sources */ = {isa = PBXBuildFile; fileRef = DE0769BF29EC18AB00A0F861 /* DownloadsViewController.swift */; };
		DE0769C229EC18BB00A0F861 /* SearchViewController.swift in Sources */ = {isa = PBXBuildFile; fileRef = DE0769C129EC18BB00A0F861 /* SearchViewController.swift */; };
		DE0769C429EC18CB00A0F861 /* UpcomingViewController.swift in Sources */ = {isa = PBXBuildFile; fileRef = DE0769C329EC18CB00A0F861 /* UpcomingViewController.swift */; };
		DE0769C729EC24E900A0F861 /* CollectionViewTableViewCell.swift in Sources */ = {isa = PBXBuildFile; fileRef = DE0769C629EC24E900A0F861 /* CollectionViewTableViewCell.swift */; };
		DEC5394829EC1706003869BD /* AppDelegate.swift in Sources */ = {isa = PBXBuildFile; fileRef = DEC5394729EC1706003869BD /* AppDelegate.swift */; };
		DEC5394A29EC1706003869BD /* SceneDelegate.swift in Sources */ = {isa = PBXBuildFile; fileRef = DEC5394929EC1706003869BD /* SceneDelegate.swift */; };
		DEC5394C29EC1706003869BD /* MainTabBarViewController.swift in Sources */ = {isa = PBXBuildFile; fileRef = DEC5394B29EC1706003869BD /* MainTabBarViewController.swift */; };
		DEC5394F29EC1706003869BD /* Main.storyboard in Resources */ = {isa = PBXBuildFile; fileRef = DEC5394D29EC1706003869BD /* Main.storyboard */; };
		DEC5395129EC1707003869BD /* Assets.xcassets in Resources */ = {isa = PBXBuildFile; fileRef = DEC5395029EC1707003869BD /* Assets.xcassets */; };
		DEC5395429EC1707003869BD /* LaunchScreen.storyboard in Resources */ = {isa = PBXBuildFile; fileRef = DEC5395229EC1707003869BD /* LaunchScreen.storyboard */; };
/* End PBXBuildFile section */

/* Begin PBXFileReference section */
		DE0769BD29EC189A00A0F861 /* HomeViewController.swift */ = {isa = PBXFileReference; lastKnownFileType = sourcecode.swift; path = HomeViewController.swift; sourceTree = "<group>"; };
		DE0769BF29EC18AB00A0F861 /* DownloadsViewController.swift */ = {isa = PBXFileReference; lastKnownFileType = sourcecode.swift; path = DownloadsViewController.swift; sourceTree = "<group>"; };
		DE0769C129EC18BB00A0F861 /* SearchViewController.swift */ = {isa = PBXFileReference; lastKnownFileType = sourcecode.swift; path = SearchViewController.swift; sourceTree = "<group>"; };
		DE0769C329EC18CB00A0F861 /* UpcomingViewController.swift */ = {isa = PBXFileReference; lastKnownFileType = sourcecode.swift; path = UpcomingViewController.swift; sourceTree = "<group>"; };
		DE0769C629EC24E900A0F861 /* CollectionViewTableViewCell.swift */ = {isa = PBXFileReference; lastKnownFileType = sourcecode.swift; path = CollectionViewTableViewCell.swift; sourceTree = "<group>"; };
		DEC5394429EC1706003869BD /* Netflix clone.app */ = {isa = PBXFileReference; explicitFileType = wrapper.application; includeInIndex = 0; path = "Netflix clone.app"; sourceTree = BUILT_PRODUCTS_DIR; };
		DEC5394729EC1706003869BD /* AppDelegate.swift */ = {isa = PBXFileReference; lastKnownFileType = sourcecode.swift; path = AppDelegate.swift; sourceTree = "<group>"; };
		DEC5394929EC1706003869BD /* SceneDelegate.swift */ = {isa = PBXFileReference; lastKnownFileType = sourcecode.swift; path = SceneDelegate.swift; sourceTree = "<group>"; };
		DEC5394B29EC1706003869BD /* MainTabBarViewController.swift */ = {isa = PBXFileReference; lastKnownFileType = sourcecode.swift; path = MainTabBarViewController.swift; sourceTree = "<group>"; };
		DEC5394E29EC1706003869BD /* Base */ = {isa = PBXFileReference; lastKnownFileType = file.storyboard; name = Base; path = Base.lproj/Main.storyboard; sourceTree = "<group>"; };
		DEC5395029EC1707003869BD /* Assets.xcassets */ = {isa = PBXFileReference; lastKnownFileType = folder.assetcatalog; path = Assets.xcassets; sourceTree = "<group>"; };
		DEC5395329EC1707003869BD /* Base */ = {isa = PBXFileReference; lastKnownFileType = file.storyboard; name = Base; path = Base.lproj/LaunchScreen.storyboard; sourceTree = "<group>"; };
		DEC5395529EC1707003869BD /* Info.plist */ = {isa = PBXFileReference; lastKnownFileType = text.plist.xml; path = Info.plist; sourceTree = "<group>"; };
/* End PBXFileReference section */

/* Begin PBXFrameworksBuildPhase section */
		DEC5394129EC1706003869BD /* Frameworks */ = {
			isa = PBXFrameworksBuildPhase;
			buildActionMask = 2147483647;
			files = (
			);
			runOnlyForDeploymentPostprocessing = 0;
		};
/* End PBXFrameworksBuildPhase section */

/* Begin PBXGroup section */
		DE0769BC29EC187600A0F861 /* Controllers */ = {
			isa = PBXGroup;
			children = (
				DE0769BD29EC189A00A0F861 /* HomeViewController.swift */,
				DE0769BF29EC18AB00A0F861 /* DownloadsViewController.swift */,
				DE0769C129EC18BB00A0F861 /* SearchViewController.swift */,
				DE0769C329EC18CB00A0F861 /* UpcomingViewController.swift */,
			);
			path = Controllers;
			sourceTree = "<group>";
		};
		DE0769C529EC24B000A0F861 /* Views */ = {
			isa = PBXGroup;
			children = (
				DE0769C629EC24E900A0F861 /* CollectionViewTableViewCell.swift */,
			);
			path = Views;
			sourceTree = "<group>";
		};
		DEC5393B29EC1706003869BD = {
			isa = PBXGroup;
			children = (
				DEC5394629EC1706003869BD /* Netflix clone */,
				DEC5394529EC1706003869BD /* Products */,
			);
			sourceTree = "<group>";
		};
		DEC5394529EC1706003869BD /* Products */ = {
			isa = PBXGroup;
			children = (
				DEC5394429EC1706003869BD /* Netflix clone.app */,
			);
			name = Products;
			sourceTree = "<group>";
		};
		DEC5394629EC1706003869BD /* Netflix clone */ = {
			isa = PBXGroup;
			children = (
				DE0769C529EC24B000A0F861 /* Views */,
				DE0769BC29EC187600A0F861 /* Controllers */,
				DEC5394729EC1706003869BD /* AppDelegate.swift */,
				DEC5394929EC1706003869BD /* SceneDelegate.swift */,
				DEC5394B29EC1706003869BD /* MainTabBarViewController.swift */,
				DEC5394D29EC1706003869BD /* Main.storyboard */,
				DEC5395029EC1707003869BD /* Assets.xcassets */,
				DEC5395229EC1707003869BD /* LaunchScreen.storyboard */,
				DEC5395529EC1707003869BD /* Info.plist */,
			);
			path = "Netflix clone";
			sourceTree = "<group>";
		};
/* End PBXGroup section */

/* Begin PBXNativeTarget section */
		DEC5394329EC1706003869BD /* Netflix clone */ = {
			isa = PBXNativeTarget;
			buildConfigurationList = DEC5395829EC1707003869BD /* Build configuration list for PBXNativeTarget "Netflix clone" */;
			buildPhases = (
				DEC5394029EC1706003869BD /* Sources */,
				DEC5394129EC1706003869BD /* Frameworks */,
				DEC5394229EC1706003869BD /* Resources */,
			);
			buildRules = (
			);
			dependencies = (
			);
			name = "Netflix clone";
			productName = "Netflix clone";
			productReference = DEC5394429EC1706003869BD /* Netflix clone.app */;
			productType = "com.apple.product-type.application";
		};
/* End PBXNativeTarget section */

/* Begin PBXProject section */
		DEC5393C29EC1706003869BD /* Project object */ = {
			isa = PBXProject;
			attributes = {
				BuildIndependentTargetsInParallel = 1;
				LastSwiftUpdateCheck = 1430;
				LastUpgradeCheck = 1430;
				TargetAttributes = {
					DEC5394329EC1706003869BD = {
						CreatedOnToolsVersion = 14.3;
					};
				};
			};
			buildConfigurationList = DEC5393F29EC1706003869BD /* Build configuration list for PBXProject "Netflix clone" */;
			compatibilityVersion = "Xcode 14.0";
			developmentRegion = en;
			hasScannedForEncodings = 0;
			knownRegions = (
				en,
				Base,
			);
			mainGroup = DEC5393B29EC1706003869BD;
			productRefGroup = DEC5394529EC1706003869BD /* Products */;
			projectDirPath = "";
			projectRoot = "";
			targets = (
				DEC5394329EC1706003869BD /* Netflix clone */,
			);
		};
/* End PBXProject section */

/* Begin PBXResourcesBuildPhase section */
		DEC5394229EC1706003869BD /* Resources */ = {
			isa = PBXResourcesBuildPhase;
			buildActionMask = 2147483647;
			files = (
				DEC5395429EC1707003869BD /* LaunchScreen.storyboard in Resources */,
				DEC5395129EC1707003869BD /* Assets.xcassets in Resources */,
				DEC5394F29EC1706003869BD /* Main.storyboard in Resources */,
			);
			runOnlyForDeploymentPostprocessing = 0;
		};
/* End PBXResourcesBuildPhase section */

/* Begin PBXSourcesBuildPhase section */
		DEC5394029EC1706003869BD /* Sources */ = {
			isa = PBXSourcesBuildPhase;
			buildActionMask = 2147483647;
			files = (
				DE0769C229EC18BB00A0F861 /* SearchViewController.swift in Sources */,
				DE0769C029EC18AB00A0F861 /* DownloadsViewController.swift in Sources */,
				DE0769C729EC24E900A0F861 /* CollectionViewTableViewCell.swift in Sources */,
				DEC5394C29EC1706003869BD /* MainTabBarViewController.swift in Sources */,
				DEC5394829EC1706003869BD /* AppDelegate.swift in Sources */,
				DEC5394A29EC1706003869BD /* SceneDelegate.swift in Sources */,
				DE0769C429EC18CB00A0F861 /* UpcomingViewController.swift in Sources */,
				DE0769BE29EC189A00A0F861 /* HomeViewController.swift in Sources */,
			);
			runOnlyForDeploymentPostprocessing = 0;
		};
/* End PBXSourcesBuildPhase section */

/* Begin PBXVariantGroup section */
		DEC5394D29EC1706003869BD /* Main.storyboard */ = {
			isa = PBXVariantGroup;
			children = (
				DEC5394E29EC1706003869BD /* Base */,
			);
			name = Main.storyboard;
			sourceTree = "<group>";
		};
		DEC5395229EC1707003869BD /* LaunchScreen.storyboard */ = {
			isa = PBXVariantGroup;
			children = (
				DEC5395329EC1707003869BD /* Base */,
			);
			name = LaunchScreen.storyboard;
			sourceTree = "<group>";
		};
/* End PBXVariantGroup section */

/* Begin XCBuildConfiguration section */
		DEC5395629EC1707003869BD /* Debug */ = {
			isa = XCBuildConfiguration;
			buildSettings = {
				ALWAYS_SEARCH_USER_PATHS = NO;
				CLANG_ANALYZER_NONNULL = YES;
				CLANG_ANALYZER_NUMBER_OBJECT_CONVERSION = YES_AGGRESSIVE;
				CLANG_CXX_LANGUAGE_STANDARD = "gnu++20";
				CLANG_ENABLE_MODULES = YES;
				CLANG_ENABLE_OBJC_ARC = YES;
				CLANG_ENABLE_OBJC_WEAK = YES;
				CLANG_WARN_BLOCK_CAPTURE_AUTORELEASING = YES;
				CLANG_WARN_BOOL_CONVERSION = YES;
				CLANG_WARN_COMMA = YES;
				CLANG_WARN_CONSTANT_CONVERSION = YES;
				CLANG_WARN_DEPRECATED_OBJC_IMPLEMENTATIONS = YES;
				CLANG_WARN_DIRECT_OBJC_ISA_USAGE = YES_ERROR;
				CLANG_WARN_DOCUMENTATION_COMMENTS = YES;
				CLANG_WARN_EMPTY_BODY = YES;
				CLANG_WARN_ENUM_CONVERSION = YES;
				CLANG_WARN_INFINITE_RECURSION = YES;
				CLANG_WARN_INT_CONVERSION = YES;
				CLANG_WARN_NON_LITERAL_NULL_CONVERSION = YES;
				CLANG_WARN_OBJC_IMPLICIT_RETAIN_SELF = YES;
				CLANG_WARN_OBJC_LITERAL_CONVERSION = YES;
				CLANG_WARN_OBJC_ROOT_CLASS = YES_ERROR;
				CLANG_WARN_QUOTED_INCLUDE_IN_FRAMEWORK_HEADER = YES;
				CLANG_WARN_RANGE_LOOP_ANALYSIS = YES;
				CLANG_WARN_STRICT_PROTOTYPES = YES;
				CLANG_WARN_SUSPICIOUS_MOVE = YES;
				CLANG_WARN_UNGUARDED_AVAILABILITY = YES_AGGRESSIVE;
				CLANG_WARN_UNREACHABLE_CODE = YES;
				CLANG_WARN__DUPLICATE_METHOD_MATCH = YES;
				COPY_PHASE_STRIP = NO;
				DEBUG_INFORMATION_FORMAT = dwarf;
				ENABLE_STRICT_OBJC_MSGSEND = YES;
				ENABLE_TESTABILITY = YES;
				GCC_C_LANGUAGE_STANDARD = gnu11;
				GCC_DYNAMIC_NO_PIC = NO;
				GCC_NO_COMMON_BLOCKS = YES;
				GCC_OPTIMIZATION_LEVEL = 0;
				GCC_PREPROCESSOR_DEFINITIONS = (
					"DEBUG=1",
					"$(inherited)",
				);
				GCC_WARN_64_TO_32_BIT_CONVERSION = YES;
				GCC_WARN_ABOUT_RETURN_TYPE = YES_ERROR;
				GCC_WARN_UNDECLARED_SELECTOR = YES;
				GCC_WARN_UNINITIALIZED_AUTOS = YES_AGGRESSIVE;
				GCC_WARN_UNUSED_FUNCTION = YES;
				GCC_WARN_UNUSED_VARIABLE = YES;
				IPHONEOS_DEPLOYMENT_TARGET = 16.4;
				MTL_ENABLE_DEBUG_INFO = INCLUDE_SOURCE;
				MTL_FAST_MATH = YES;
				ONLY_ACTIVE_ARCH = YES;
				SDKROOT = iphoneos;
				SWIFT_ACTIVE_COMPILATION_CONDITIONS = DEBUG;
				SWIFT_OPTIMIZATION_LEVEL = "-Onone";
			};
			name = Debug;
		};
		DEC5395729EC1707003869BD /* Release */ = {
			isa = XCBuildConfiguration;
			buildSettings = {
				ALWAYS_SEARCH_USER_PATHS = NO;
				CLANG_ANALYZER_NONNULL = YES;
				CLANG_ANALYZER_NUMBER_OBJECT_CONVERSION = YES_AGGRESSIVE;
				CLANG_CXX_LANGUAGE_STANDARD = "gnu++20";
				CLANG_ENABLE_MODULES = YES;
				CLANG_ENABLE_OBJC_ARC = YES;
				CLANG_ENABLE_OBJC_WEAK = YES;
				CLANG_WARN_BLOCK_CAPTURE_AUTORELEASING = YES;
				CLANG_WARN_BOOL_CONVERSION = YES;
				CLANG_WARN_COMMA = YES;
				CLANG_WARN_CONSTANT_CONVERSION = YES;
				CLANG_WARN_DEPRECATED_OBJC_IMPLEMENTATIONS = YES;
				CLANG_WARN_DIRECT_OBJC_ISA_USAGE = YES_ERROR;
				CLANG_WARN_DOCUMENTATION_COMMENTS = YES;
				CLANG_WARN_EMPTY_BODY = YES;
				CLANG_WARN_ENUM_CONVERSION = YES;
				CLANG_WARN_INFINITE_RECURSION = YES;
				CLANG_WARN_INT_CONVERSION = YES;
				CLANG_WARN_NON_LITERAL_NULL_CONVERSION = YES;
				CLANG_WARN_OBJC_IMPLICIT_RETAIN_SELF = YES;
				CLANG_WARN_OBJC_LITERAL_CONVERSION = YES;
				CLANG_WARN_OBJC_ROOT_CLASS = YES_ERROR;
				CLANG_WARN_QUOTED_INCLUDE_IN_FRAMEWORK_HEADER = YES;
				CLANG_WARN_RANGE_LOOP_ANALYSIS = YES;
				CLANG_WARN_STRICT_PROTOTYPES = YES;
				CLANG_WARN_SUSPICIOUS_MOVE = YES;
				CLANG_WARN_UNGUARDED_AVAILABILITY = YES_AGGRESSIVE;
				CLANG_WARN_UNREACHABLE_CODE = YES;
				CLANG_WARN__DUPLICATE_METHOD_MATCH = YES;
				COPY_PHASE_STRIP = NO;
				DEBUG_INFORMATION_FORMAT = "dwarf-with-dsym";
				ENABLE_NS_ASSERTIONS = NO;
				ENABLE_STRICT_OBJC_MSGSEND = YES;
				GCC_C_LANGUAGE_STANDARD = gnu11;
				GCC_NO_COMMON_BLOCKS = YES;
				GCC_WARN_64_TO_32_BIT_CONVERSION = YES;
				GCC_WARN_ABOUT_RETURN_TYPE = YES_ERROR;
				GCC_WARN_UNDECLARED_SELECTOR = YES;
				GCC_WARN_UNINITIALIZED_AUTOS = YES_AGGRESSIVE;
				GCC_WARN_UNUSED_FUNCTION = YES;
				GCC_WARN_UNUSED_VARIABLE = YES;
				IPHONEOS_DEPLOYMENT_TARGET = 16.4;
				MTL_ENABLE_DEBUG_INFO = NO;
				MTL_FAST_MATH = YES;
				SDKROOT = iphoneos;
				SWIFT_COMPILATION_MODE = wholemodule;
				SWIFT_OPTIMIZATION_LEVEL = "-O";
				VALIDATE_PRODUCT = YES;
			};
			name = Release;
		};
		DEC5395929EC1707003869BD /* Debug */ = {
			isa = XCBuildConfiguration;
			buildSettings = {
				ASSETCATALOG_COMPILER_APPICON_NAME = AppIcon;
				ASSETCATALOG_COMPILER_GLOBAL_ACCENT_COLOR_NAME = AccentColor;
				CODE_SIGN_STYLE = Automatic;
				CURRENT_PROJECT_VERSION = 1;
				DEVELOPMENT_TEAM = GN29KKU6GC;
				GENERATE_INFOPLIST_FILE = YES;
				INFOPLIST_FILE = "Netflix clone/Info.plist";
				INFOPLIST_KEY_UIApplicationSupportsIndirectInputEvents = YES;
				INFOPLIST_KEY_UILaunchStoryboardName = LaunchScreen;
				INFOPLIST_KEY_UIMainStoryboardFile = Main;
				INFOPLIST_KEY_UISupportedInterfaceOrientations_iPad = "UIInterfaceOrientationPortrait UIInterfaceOrientationPortraitUpsideDown UIInterfaceOrientationLandscapeLeft UIInterfaceOrientationLandscapeRight";
				INFOPLIST_KEY_UISupportedInterfaceOrientations_iPhone = "UIInterfaceOrientationPortrait UIInterfaceOrientationLandscapeLeft UIInterfaceOrientationLandscapeRight";
				LD_RUNPATH_SEARCH_PATHS = (
					"$(inherited)",
					"@executable_path/Frameworks",
				);
				MARKETING_VERSION = 1.0;
				PRODUCT_BUNDLE_IDENTIFIER = "trial.Netflix-cllone";
				PRODUCT_NAME = "$(TARGET_NAME)";
				SWIFT_EMIT_LOC_STRINGS = YES;
				SWIFT_VERSION = 5.0;
				TARGETED_DEVICE_FAMILY = "1,2";
			};
			name = Debug;
		};
		DEC5395A29EC1707003869BD /* Release */ = {
			isa = XCBuildConfiguration;
			buildSettings = {
				ASSETCATALOG_COMPILER_APPICON_NAME = AppIcon;
				ASSETCATALOG_COMPILER_GLOBAL_ACCENT_COLOR_NAME = AccentColor;
				CODE_SIGN_STYLE = Automatic;
				CURRENT_PROJECT_VERSION = 1;
				DEVELOPMENT_TEAM = GN29KKU6GC;
				GENERATE_INFOPLIST_FILE = YES;
				INFOPLIST_FILE = "Netflix clone/Info.plist";
				INFOPLIST_KEY_UIApplicationSupportsIndirectInputEvents = YES;
				INFOPLIST_KEY_UILaunchStoryboardName = LaunchScreen;
				INFOPLIST_KEY_UIMainStoryboardFile = Main;
				INFOPLIST_KEY_UISupportedInterfaceOrientations_iPad = "UIInterfaceOrientationPortrait UIInterfaceOrientationPortraitUpsideDown UIInterfaceOrientationLandscapeLeft UIInterfaceOrientationLandscapeRight";
				INFOPLIST_KEY_UISupportedInterfaceOrientations_iPhone = "UIInterfaceOrientationPortrait UIInterfaceOrientationLandscapeLeft UIInterfaceOrientationLandscapeRight";
				LD_RUNPATH_SEARCH_PATHS = (
					"$(inherited)",
					"@executable_path/Frameworks",
				);
				MARKETING_VERSION = 1.0;
				PRODUCT_BUNDLE_IDENTIFIER = "trial.Netflix-cllone";
				PRODUCT_NAME = "$(TARGET_NAME)";
				SWIFT_EMIT_LOC_STRINGS = YES;
				SWIFT_VERSION = 5.0;
				TARGETED_DEVICE_FAMILY = "1,2";
			};
			name = Release;
		};
/* End XCBuildConfiguration section */

/* Begin XCConfigurationList section */
		DEC5393F29EC1706003869BD /* Build configuration list for PBXProject "Netflix clone" */ = {
			isa = XCConfigurationList;
			buildConfigurations = (
				DEC5395629EC1707003869BD /* Debug */,
				DEC5395729EC1707003869BD /* Release */,
			);
			defaultConfigurationIsVisible = 0;
			defaultConfigurationName = Release;
		};
		DEC5395829EC1707003869BD /* Build configuration list for PBXNativeTarget "Netflix clone" */ = {
			isa = XCConfigurationList;
			buildConfigurations = (
				DEC5395929EC1707003869BD /* Debug */,
				DEC5395A29EC1707003869BD /* Release */,
			);
			defaultConfigurationIsVisible = 0;
			defaultConfigurationName = Release;
		};
/* End XCConfigurationList section */
	};
	rootObject = DEC5393C29EC1706003869BD /* Project object */;
}
